// !$*UTF8*$!
{
	archiveVersion = 1;
	classes = {
	};
	objectVersion = 56;
	objects = {

/* Begin PBXBuildFile section */
		CF473F4429C8C644001F6934 /* PokemonModel.swift in Sources */ = {isa = PBXBuildFile; fileRef = CF473F4329C8C644001F6934 /* PokemonModel.swift */; };
		CF473F4629C8C658001F6934 /* PokemonViewModel.swift in Sources */ = {isa = PBXBuildFile; fileRef = CF473F4529C8C658001F6934 /* PokemonViewModel.swift */; };
		CF473F4829C8C76D001F6934 /* pokemon.json in Resources */ = {isa = PBXBuildFile; fileRef = CF473F4729C8C76D001F6934 /* pokemon.json */; };
		CF473F4D29C8C849001F6934 /* APIHelpers.swift in Sources */ = {isa = PBXBuildFile; fileRef = CF473F4C29C8C849001F6934 /* APIHelpers.swift */; };
		CF473F5029C8CC7E001F6934 /* PokemonManager.swift in Sources */ = {isa = PBXBuildFile; fileRef = CF473F4F29C8CC7E001F6934 /* PokemonManager.swift */; };
		CF473F5229C8CE9F001F6934 /* PokedexView.swift in Sources */ = {isa = PBXBuildFile; fileRef = CF473F5129C8CE9F001F6934 /* PokedexView.swift */; };
		CF473F5429C8D108001F6934 /* PokemonDetailsView.swift in Sources */ = {isa = PBXBuildFile; fileRef = CF473F5329C8D108001F6934 /* PokemonDetailsView.swift */; };
		CF473F5629C8D952001F6934 /* PokemonImageView.swift in Sources */ = {isa = PBXBuildFile; fileRef = CF473F5529C8D952001F6934 /* PokemonImageView.swift */; };
		CF473F5A29C99993001F6934 /* MoveModel.swift in Sources */ = {isa = PBXBuildFile; fileRef = CF473F5929C99993001F6934 /* MoveModel.swift */; };
		CF473F5C29C99BF3001F6934 /* moves.json in Resources */ = {isa = PBXBuildFile; fileRef = CF473F5B29C99BF3001F6934 /* moves.json */; };
		CF473F5E29CA1B45001F6934 /* MoveManager.swift in Sources */ = {isa = PBXBuildFile; fileRef = CF473F5D29CA1B45001F6934 /* MoveManager.swift */; };
		CF473F6029CA1C0E001F6934 /* MovesViewModel.swift in Sources */ = {isa = PBXBuildFile; fileRef = CF473F5F29CA1C0E001F6934 /* MovesViewModel.swift */; };
		CF473F6229CA2029001F6934 /* MovesdexView.swift in Sources */ = {isa = PBXBuildFile; fileRef = CF473F6129CA2029001F6934 /* MovesdexView.swift */; };
		CF473F6429CBE89D001F6934 /* MoveDetailsView.swift in Sources */ = {isa = PBXBuildFile; fileRef = CF473F6329CBE89D001F6934 /* MoveDetailsView.swift */; };
		CF473F6629CBED8E001F6934 /* TMsdexView.swift in Sources */ = {isa = PBXBuildFile; fileRef = CF473F6529CBED8E001F6934 /* TMsdexView.swift */; };
		CF473F6B29CF60EA001F6934 /* TMModel.swift in Sources */ = {isa = PBXBuildFile; fileRef = CF473F6A29CF60EA001F6934 /* TMModel.swift */; };
		CF473F6D29CF6320001F6934 /* CommonModels.swift in Sources */ = {isa = PBXBuildFile; fileRef = CF473F6C29CF6320001F6934 /* CommonModels.swift */; };
		CF473F6F29CF7A1C001F6934 /* ItemModel.swift in Sources */ = {isa = PBXBuildFile; fileRef = CF473F6E29CF7A1C001F6934 /* ItemModel.swift */; };
		CF473F7129CF8476001F6934 /* AbilityModel.swift in Sources */ = {isa = PBXBuildFile; fileRef = CF473F7029CF8476001F6934 /* AbilityModel.swift */; };
		CF473F7329CF87FC001F6934 /* LocationModel.swift in Sources */ = {isa = PBXBuildFile; fileRef = CF473F7229CF87FC001F6934 /* LocationModel.swift */; };
		CF473F7529CF92E3001F6934 /* EvolutionModel.swift in Sources */ = {isa = PBXBuildFile; fileRef = CF473F7429CF92E3001F6934 /* EvolutionModel.swift */; };
		CF473F7729CFA8B2001F6934 /* MovesdexCellView.swift in Sources */ = {isa = PBXBuildFile; fileRef = CF473F7629CFA8B2001F6934 /* MovesdexCellView.swift */; };
		CF473F7B29FEFD97001F6934 /* TypeColor.swift in Sources */ = {isa = PBXBuildFile; fileRef = CF473F7A29FEFD97001F6934 /* TypeColor.swift */; };
		CF473F7D2A058E3A001F6934 /* PokedexTabView.swift in Sources */ = {isa = PBXBuildFile; fileRef = CF473F7C2A058E3A001F6934 /* PokedexTabView.swift */; };
		CF8926CE2A09688D00368E7D /* PokemonEvolutionChainView.swift in Sources */ = {isa = PBXBuildFile; fileRef = CF8926CD2A09688D00368E7D /* PokemonEvolutionChainView.swift */; };
		CF8926D02A0968A200368E7D /* PokemonMovesView.swift in Sources */ = {isa = PBXBuildFile; fileRef = CF8926CF2A0968A200368E7D /* PokemonMovesView.swift */; };
		CF8926D22A0968AE00368E7D /* PokemonLocationsView.swift in Sources */ = {isa = PBXBuildFile; fileRef = CF8926D12A0968AE00368E7D /* PokemonLocationsView.swift */; };
		CF8926D52A0AAF8100368E7D /* TypeModel.swift in Sources */ = {isa = PBXBuildFile; fileRef = CF8926D42A0AAF8100368E7D /* TypeModel.swift */; };
		CF8926D72A0C7D0000368E7D /* MovesdexTabView.swift in Sources */ = {isa = PBXBuildFile; fileRef = CF8926D62A0C7D0000368E7D /* MovesdexTabView.swift */; };
		CF8926D92A0C7DF900368E7D /* MovesLearnedByView.swift in Sources */ = {isa = PBXBuildFile; fileRef = CF8926D82A0C7DF900368E7D /* MovesLearnedByView.swift */; };
		CF89271C2A0EE27D00368E7D /* JSONHelpers.swift in Sources */ = {isa = PBXBuildFile; fileRef = CF89271B2A0EE27D00368E7D /* JSONHelpers.swift */; };
		CF8927242A0F0DEE00368E7D /* StatModel.swift in Sources */ = {isa = PBXBuildFile; fileRef = CF8927232A0F0DEE00368E7D /* StatModel.swift */; };
		CF8927262A1019D900368E7D /* TMsdexTabView.swift in Sources */ = {isa = PBXBuildFile; fileRef = CF8927252A1019D900368E7D /* TMsdexTabView.swift */; };
		CF8927282A101A1700368E7D /* MachineDetailsView.swift in Sources */ = {isa = PBXBuildFile; fileRef = CF8927272A101A1700368E7D /* MachineDetailsView.swift */; };
		CF89272A2A101A7F00368E7D /* MachineLearnedByView.swift in Sources */ = {isa = PBXBuildFile; fileRef = CF8927292A101A7F00368E7D /* MachineLearnedByView.swift */; };
		CF89272C2A101AD400368E7D /* MachineLocations.swift in Sources */ = {isa = PBXBuildFile; fileRef = CF89272B2A101AD400368E7D /* MachineLocations.swift */; };
		CF89272E2A101CBD00368E7D /* MachineManager.swift in Sources */ = {isa = PBXBuildFile; fileRef = CF89272D2A101CBD00368E7D /* MachineManager.swift */; };
		CF8927302A101DD200368E7D /* MachinesViewModel.swift in Sources */ = {isa = PBXBuildFile; fileRef = CF89272F2A101DD200368E7D /* MachinesViewModel.swift */; };
		CF8927322A102CC600368E7D /* TMsdexCellView.swift in Sources */ = {isa = PBXBuildFile; fileRef = CF8927312A102CC600368E7D /* TMsdexCellView.swift */; };
		CF8927392A10448300368E7D /* AbilitiesdexView.swift in Sources */ = {isa = PBXBuildFile; fileRef = CF8927382A10448300368E7D /* AbilitiesdexView.swift */; };
		CF89273B2A10449D00368E7D /* TypeMatchupsView.swift in Sources */ = {isa = PBXBuildFile; fileRef = CF89273A2A10449D00368E7D /* TypeMatchupsView.swift */; };
		CF89273D2A1044B300368E7D /* NaturesdexView.swift in Sources */ = {isa = PBXBuildFile; fileRef = CF89273C2A1044B300368E7D /* NaturesdexView.swift */; };
		CF89273F2A1044C500368E7D /* LocationsdexView.swift in Sources */ = {isa = PBXBuildFile; fileRef = CF89273E2A1044C500368E7D /* LocationsdexView.swift */; };
		CF8927412A1044D300368E7D /* ObjectsdexView.swift in Sources */ = {isa = PBXBuildFile; fileRef = CF8927402A1044D300368E7D /* ObjectsdexView.swift */; };
		CF8927432A12936B00368E7D /* AbilitiesManager.swift in Sources */ = {isa = PBXBuildFile; fileRef = CF8927422A12936B00368E7D /* AbilitiesManager.swift */; };
		CF8927452A12938100368E7D /* ItemsManager.swift in Sources */ = {isa = PBXBuildFile; fileRef = CF8927442A12938100368E7D /* ItemsManager.swift */; };
		CF8927472A1293B600368E7D /* LocationsManager.swift in Sources */ = {isa = PBXBuildFile; fileRef = CF8927462A1293B600368E7D /* LocationsManager.swift */; };
		CF8927492A1293DA00368E7D /* PokemonNatureManager.swift in Sources */ = {isa = PBXBuildFile; fileRef = CF8927482A1293DA00368E7D /* PokemonNatureManager.swift */; };
		CF89274B2A1293EF00368E7D /* TypeMatchupsManager.swift in Sources */ = {isa = PBXBuildFile; fileRef = CF89274A2A1293EF00368E7D /* TypeMatchupsManager.swift */; };
		CF89274D2A12942D00368E7D /* AbilityCellView.swift in Sources */ = {isa = PBXBuildFile; fileRef = CF89274C2A12942D00368E7D /* AbilityCellView.swift */; };
		CF89274F2A1294A900368E7D /* AbilitiesViewModel.swift in Sources */ = {isa = PBXBuildFile; fileRef = CF89274E2A1294A900368E7D /* AbilitiesViewModel.swift */; };
		CF8927512A12978500368E7D /* AbilityDetailsView.swift in Sources */ = {isa = PBXBuildFile; fileRef = CF8927502A12978500368E7D /* AbilityDetailsView.swift */; };
		CF8927532A129BE500368E7D /* ItemsViewModel.swift in Sources */ = {isa = PBXBuildFile; fileRef = CF8927522A129BE500368E7D /* ItemsViewModel.swift */; };
		CF8927552A129C1E00368E7D /* ObjectCellView.swift in Sources */ = {isa = PBXBuildFile; fileRef = CF8927542A129C1E00368E7D /* ObjectCellView.swift */; };
		CF8927572A129C4C00368E7D /* ObjectDetailsView.swift in Sources */ = {isa = PBXBuildFile; fileRef = CF8927562A129C4C00368E7D /* ObjectDetailsView.swift */; };
		CF8927592A129EBD00368E7D /* LocationsViewModel.swift in Sources */ = {isa = PBXBuildFile; fileRef = CF8927582A129EBD00368E7D /* LocationsViewModel.swift */; };
		CF89275B2A129F9A00368E7D /* LocationCellView.swift in Sources */ = {isa = PBXBuildFile; fileRef = CF89275A2A129F9A00368E7D /* LocationCellView.swift */; };
		CF89275D2A129FBC00368E7D /* LocationDetailsView.swift in Sources */ = {isa = PBXBuildFile; fileRef = CF89275C2A129FBC00368E7D /* LocationDetailsView.swift */; };
		CF89275F2A12A09D00368E7D /* PokemonNaturesViewModel.swift in Sources */ = {isa = PBXBuildFile; fileRef = CF89275E2A12A09D00368E7D /* PokemonNaturesViewModel.swift */; };
		CF8927612A12A17500368E7D /* NatureCellView.swift in Sources */ = {isa = PBXBuildFile; fileRef = CF8927602A12A17500368E7D /* NatureCellView.swift */; };
		CFEF8ECC29C8221800C8F134 /* Pokiodex_ioApp.swift in Sources */ = {isa = PBXBuildFile; fileRef = CFEF8ECB29C8221800C8F134 /* Pokiodex_ioApp.swift */; };
		CFEF8ECE29C8221800C8F134 /* ContentView.swift in Sources */ = {isa = PBXBuildFile; fileRef = CFEF8ECD29C8221800C8F134 /* ContentView.swift */; };
		CFEF8ED029C8221900C8F134 /* Assets.xcassets in Resources */ = {isa = PBXBuildFile; fileRef = CFEF8ECF29C8221900C8F134 /* Assets.xcassets */; };
		CFEF8ED329C8221900C8F134 /* Preview Assets.xcassets in Resources */ = {isa = PBXBuildFile; fileRef = CFEF8ED229C8221900C8F134 /* Preview Assets.xcassets */; };
		CFEF8EDA29C8C05700C8F134 /* PokedexCellView.swift in Sources */ = {isa = PBXBuildFile; fileRef = CFEF8ED929C8C05700C8F134 /* PokedexCellView.swift */; };
/* End PBXBuildFile section */

/* Begin PBXFileReference section */
		CF473F4329C8C644001F6934 /* PokemonModel.swift */ = {isa = PBXFileReference; lastKnownFileType = sourcecode.swift; path = PokemonModel.swift; sourceTree = "<group>"; };
		CF473F4529C8C658001F6934 /* PokemonViewModel.swift */ = {isa = PBXFileReference; lastKnownFileType = sourcecode.swift; path = PokemonViewModel.swift; sourceTree = "<group>"; };
		CF473F4729C8C76D001F6934 /* pokemon.json */ = {isa = PBXFileReference; lastKnownFileType = text.json; path = pokemon.json; sourceTree = "<group>"; };
		CF473F4C29C8C849001F6934 /* APIHelpers.swift */ = {isa = PBXFileReference; lastKnownFileType = sourcecode.swift; path = APIHelpers.swift; sourceTree = "<group>"; };
		CF473F4F29C8CC7E001F6934 /* PokemonManager.swift */ = {isa = PBXFileReference; lastKnownFileType = sourcecode.swift; path = PokemonManager.swift; sourceTree = "<group>"; };
		CF473F5129C8CE9F001F6934 /* PokedexView.swift */ = {isa = PBXFileReference; lastKnownFileType = sourcecode.swift; path = PokedexView.swift; sourceTree = "<group>"; };
		CF473F5329C8D108001F6934 /* PokemonDetailsView.swift */ = {isa = PBXFileReference; lastKnownFileType = sourcecode.swift; path = PokemonDetailsView.swift; sourceTree = "<group>"; };
		CF473F5529C8D952001F6934 /* PokemonImageView.swift */ = {isa = PBXFileReference; lastKnownFileType = sourcecode.swift; path = PokemonImageView.swift; sourceTree = "<group>"; };
		CF473F5929C99993001F6934 /* MoveModel.swift */ = {isa = PBXFileReference; lastKnownFileType = sourcecode.swift; path = MoveModel.swift; sourceTree = "<group>"; };
		CF473F5B29C99BF3001F6934 /* moves.json */ = {isa = PBXFileReference; lastKnownFileType = text.json; path = moves.json; sourceTree = "<group>"; };
		CF473F5D29CA1B45001F6934 /* MoveManager.swift */ = {isa = PBXFileReference; lastKnownFileType = sourcecode.swift; path = MoveManager.swift; sourceTree = "<group>"; };
		CF473F5F29CA1C0E001F6934 /* MovesViewModel.swift */ = {isa = PBXFileReference; lastKnownFileType = sourcecode.swift; path = MovesViewModel.swift; sourceTree = "<group>"; };
		CF473F6129CA2029001F6934 /* MovesdexView.swift */ = {isa = PBXFileReference; lastKnownFileType = sourcecode.swift; path = MovesdexView.swift; sourceTree = "<group>"; };
		CF473F6329CBE89D001F6934 /* MoveDetailsView.swift */ = {isa = PBXFileReference; lastKnownFileType = sourcecode.swift; path = MoveDetailsView.swift; sourceTree = "<group>"; };
		CF473F6529CBED8E001F6934 /* TMsdexView.swift */ = {isa = PBXFileReference; lastKnownFileType = sourcecode.swift; path = TMsdexView.swift; sourceTree = "<group>"; };
		CF473F6A29CF60EA001F6934 /* TMModel.swift */ = {isa = PBXFileReference; lastKnownFileType = sourcecode.swift; path = TMModel.swift; sourceTree = "<group>"; };
		CF473F6C29CF6320001F6934 /* CommonModels.swift */ = {isa = PBXFileReference; lastKnownFileType = sourcecode.swift; path = CommonModels.swift; sourceTree = "<group>"; };
		CF473F6E29CF7A1C001F6934 /* ItemModel.swift */ = {isa = PBXFileReference; lastKnownFileType = sourcecode.swift; path = ItemModel.swift; sourceTree = "<group>"; };
		CF473F7029CF8476001F6934 /* AbilityModel.swift */ = {isa = PBXFileReference; lastKnownFileType = sourcecode.swift; path = AbilityModel.swift; sourceTree = "<group>"; };
		CF473F7229CF87FC001F6934 /* LocationModel.swift */ = {isa = PBXFileReference; lastKnownFileType = sourcecode.swift; path = LocationModel.swift; sourceTree = "<group>"; };
		CF473F7429CF92E3001F6934 /* EvolutionModel.swift */ = {isa = PBXFileReference; lastKnownFileType = sourcecode.swift; path = EvolutionModel.swift; sourceTree = "<group>"; };
		CF473F7629CFA8B2001F6934 /* MovesdexCellView.swift */ = {isa = PBXFileReference; lastKnownFileType = sourcecode.swift; path = MovesdexCellView.swift; sourceTree = "<group>"; };
		CF473F7A29FEFD97001F6934 /* TypeColor.swift */ = {isa = PBXFileReference; lastKnownFileType = sourcecode.swift; path = TypeColor.swift; sourceTree = "<group>"; };
		CF473F7C2A058E3A001F6934 /* PokedexTabView.swift */ = {isa = PBXFileReference; lastKnownFileType = sourcecode.swift; path = PokedexTabView.swift; sourceTree = "<group>"; };
		CF8926CD2A09688D00368E7D /* PokemonEvolutionChainView.swift */ = {isa = PBXFileReference; lastKnownFileType = sourcecode.swift; path = PokemonEvolutionChainView.swift; sourceTree = "<group>"; };
		CF8926CF2A0968A200368E7D /* PokemonMovesView.swift */ = {isa = PBXFileReference; lastKnownFileType = sourcecode.swift; path = PokemonMovesView.swift; sourceTree = "<group>"; };
		CF8926D12A0968AE00368E7D /* PokemonLocationsView.swift */ = {isa = PBXFileReference; lastKnownFileType = sourcecode.swift; path = PokemonLocationsView.swift; sourceTree = "<group>"; };
		CF8926D32A0AA03600368E7D /* Pokiodex-io-Info.plist */ = {isa = PBXFileReference; lastKnownFileType = text.plist; path = "Pokiodex-io-Info.plist"; sourceTree = SOURCE_ROOT; };
		CF8926D42A0AAF8100368E7D /* TypeModel.swift */ = {isa = PBXFileReference; lastKnownFileType = sourcecode.swift; path = TypeModel.swift; sourceTree = "<group>"; };
		CF8926D62A0C7D0000368E7D /* MovesdexTabView.swift */ = {isa = PBXFileReference; lastKnownFileType = sourcecode.swift; path = MovesdexTabView.swift; sourceTree = "<group>"; };
		CF8926D82A0C7DF900368E7D /* MovesLearnedByView.swift */ = {isa = PBXFileReference; lastKnownFileType = sourcecode.swift; path = MovesLearnedByView.swift; sourceTree = "<group>"; };
		CF89271B2A0EE27D00368E7D /* JSONHelpers.swift */ = {isa = PBXFileReference; lastKnownFileType = sourcecode.swift; path = JSONHelpers.swift; sourceTree = "<group>"; };
		CF8927232A0F0DEE00368E7D /* StatModel.swift */ = {isa = PBXFileReference; lastKnownFileType = sourcecode.swift; path = StatModel.swift; sourceTree = "<group>"; };
		CF8927252A1019D900368E7D /* TMsdexTabView.swift */ = {isa = PBXFileReference; lastKnownFileType = sourcecode.swift; path = TMsdexTabView.swift; sourceTree = "<group>"; };
		CF8927272A101A1700368E7D /* MachineDetailsView.swift */ = {isa = PBXFileReference; lastKnownFileType = sourcecode.swift; path = MachineDetailsView.swift; sourceTree = "<group>"; };
		CF8927292A101A7F00368E7D /* MachineLearnedByView.swift */ = {isa = PBXFileReference; lastKnownFileType = sourcecode.swift; path = MachineLearnedByView.swift; sourceTree = "<group>"; };
		CF89272B2A101AD400368E7D /* MachineLocations.swift */ = {isa = PBXFileReference; lastKnownFileType = sourcecode.swift; path = MachineLocations.swift; sourceTree = "<group>"; };
		CF89272D2A101CBD00368E7D /* MachineManager.swift */ = {isa = PBXFileReference; lastKnownFileType = sourcecode.swift; path = MachineManager.swift; sourceTree = "<group>"; };
		CF89272F2A101DD200368E7D /* MachinesViewModel.swift */ = {isa = PBXFileReference; lastKnownFileType = sourcecode.swift; path = MachinesViewModel.swift; sourceTree = "<group>"; };
		CF8927312A102CC600368E7D /* TMsdexCellView.swift */ = {isa = PBXFileReference; lastKnownFileType = sourcecode.swift; path = TMsdexCellView.swift; sourceTree = "<group>"; };
		CF8927382A10448300368E7D /* AbilitiesdexView.swift */ = {isa = PBXFileReference; lastKnownFileType = sourcecode.swift; path = AbilitiesdexView.swift; sourceTree = "<group>"; };
		CF89273A2A10449D00368E7D /* TypeMatchupsView.swift */ = {isa = PBXFileReference; lastKnownFileType = sourcecode.swift; path = TypeMatchupsView.swift; sourceTree = "<group>"; };
		CF89273C2A1044B300368E7D /* NaturesdexView.swift */ = {isa = PBXFileReference; lastKnownFileType = sourcecode.swift; path = NaturesdexView.swift; sourceTree = "<group>"; };
		CF89273E2A1044C500368E7D /* LocationsdexView.swift */ = {isa = PBXFileReference; lastKnownFileType = sourcecode.swift; path = LocationsdexView.swift; sourceTree = "<group>"; };
		CF8927402A1044D300368E7D /* ObjectsdexView.swift */ = {isa = PBXFileReference; lastKnownFileType = sourcecode.swift; path = ObjectsdexView.swift; sourceTree = "<group>"; };
		CF8927422A12936B00368E7D /* AbilitiesManager.swift */ = {isa = PBXFileReference; lastKnownFileType = sourcecode.swift; path = AbilitiesManager.swift; sourceTree = "<group>"; };
		CF8927442A12938100368E7D /* ItemsManager.swift */ = {isa = PBXFileReference; lastKnownFileType = sourcecode.swift; path = ItemsManager.swift; sourceTree = "<group>"; };
		CF8927462A1293B600368E7D /* LocationsManager.swift */ = {isa = PBXFileReference; lastKnownFileType = sourcecode.swift; path = LocationsManager.swift; sourceTree = "<group>"; };
		CF8927482A1293DA00368E7D /* PokemonNatureManager.swift */ = {isa = PBXFileReference; lastKnownFileType = sourcecode.swift; path = PokemonNatureManager.swift; sourceTree = "<group>"; };
		CF89274A2A1293EF00368E7D /* TypeMatchupsManager.swift */ = {isa = PBXFileReference; lastKnownFileType = sourcecode.swift; path = TypeMatchupsManager.swift; sourceTree = "<group>"; };
		CF89274C2A12942D00368E7D /* AbilityCellView.swift */ = {isa = PBXFileReference; lastKnownFileType = sourcecode.swift; path = AbilityCellView.swift; sourceTree = "<group>"; };
		CF89274E2A1294A900368E7D /* AbilitiesViewModel.swift */ = {isa = PBXFileReference; lastKnownFileType = sourcecode.swift; path = AbilitiesViewModel.swift; sourceTree = "<group>"; };
		CF8927502A12978500368E7D /* AbilityDetailsView.swift */ = {isa = PBXFileReference; lastKnownFileType = sourcecode.swift; path = AbilityDetailsView.swift; sourceTree = "<group>"; };
		CF8927522A129BE500368E7D /* ItemsViewModel.swift */ = {isa = PBXFileReference; lastKnownFileType = sourcecode.swift; path = ItemsViewModel.swift; sourceTree = "<group>"; };
		CF8927542A129C1E00368E7D /* ObjectCellView.swift */ = {isa = PBXFileReference; lastKnownFileType = sourcecode.swift; path = ObjectCellView.swift; sourceTree = "<group>"; };
		CF8927562A129C4C00368E7D /* ObjectDetailsView.swift */ = {isa = PBXFileReference; lastKnownFileType = sourcecode.swift; path = ObjectDetailsView.swift; sourceTree = "<group>"; };
		CF8927582A129EBD00368E7D /* LocationsViewModel.swift */ = {isa = PBXFileReference; lastKnownFileType = sourcecode.swift; path = LocationsViewModel.swift; sourceTree = "<group>"; };
		CF89275A2A129F9A00368E7D /* LocationCellView.swift */ = {isa = PBXFileReference; lastKnownFileType = sourcecode.swift; path = LocationCellView.swift; sourceTree = "<group>"; };
		CF89275C2A129FBC00368E7D /* LocationDetailsView.swift */ = {isa = PBXFileReference; lastKnownFileType = sourcecode.swift; path = LocationDetailsView.swift; sourceTree = "<group>"; };
		CF89275E2A12A09D00368E7D /* PokemonNaturesViewModel.swift */ = {isa = PBXFileReference; lastKnownFileType = sourcecode.swift; path = PokemonNaturesViewModel.swift; sourceTree = "<group>"; };
		CF8927602A12A17500368E7D /* NatureCellView.swift */ = {isa = PBXFileReference; lastKnownFileType = sourcecode.swift; path = NatureCellView.swift; sourceTree = "<group>"; };
		CFEF8EC829C8221800C8F134 /* Pokiodex_io.app */ = {isa = PBXFileReference; explicitFileType = wrapper.application; includeInIndex = 0; path = Pokiodex_io.app; sourceTree = BUILT_PRODUCTS_DIR; };
		CFEF8ECB29C8221800C8F134 /* Pokiodex_ioApp.swift */ = {isa = PBXFileReference; lastKnownFileType = sourcecode.swift; path = Pokiodex_ioApp.swift; sourceTree = "<group>"; };
		CFEF8ECD29C8221800C8F134 /* ContentView.swift */ = {isa = PBXFileReference; lastKnownFileType = sourcecode.swift; path = ContentView.swift; sourceTree = "<group>"; };
		CFEF8ECF29C8221900C8F134 /* Assets.xcassets */ = {isa = PBXFileReference; lastKnownFileType = folder.assetcatalog; path = Assets.xcassets; sourceTree = "<group>"; };
		CFEF8ED229C8221900C8F134 /* Preview Assets.xcassets */ = {isa = PBXFileReference; lastKnownFileType = folder.assetcatalog; path = "Preview Assets.xcassets"; sourceTree = "<group>"; };
		CFEF8ED929C8C05700C8F134 /* PokedexCellView.swift */ = {isa = PBXFileReference; lastKnownFileType = sourcecode.swift; path = PokedexCellView.swift; sourceTree = "<group>"; };
/* End PBXFileReference section */

/* Begin PBXFrameworksBuildPhase section */
		CFEF8EC529C8221800C8F134 /* Frameworks */ = {
			isa = PBXFrameworksBuildPhase;
			buildActionMask = 2147483647;
			files = (
			);
			runOnlyForDeploymentPostprocessing = 0;
		};
/* End PBXFrameworksBuildPhase section */

/* Begin PBXGroup section */
		CF473F4029C8C5BB001F6934 /* Views */ = {
			isa = PBXGroup;
			children = (
				CFEF8ECD29C8221800C8F134 /* ContentView.swift */,
				CF8927362A10442400368E7D /* GameObjectsViews */,
				CF8927372A10443200368E7D /* LocationsViews */,
				CF8927352A10441600368E7D /* PokemonNaturesViews */,
				CF8927342A10440800368E7D /* TypeMatchupsViews */,
				CF8927332A1043FA00368E7D /* AbilitiesViews */,
				CF473F6929CBEFB1001F6934 /* TMsdexViews */,
				CF473F6829CBEF9B001F6934 /* MovesdexViews */,
				CF473F6729CBEF68001F6934 /* PokedexViews */,
			);
			path = Views;
			sourceTree = "<group>";
		};
		CF473F4129C8C5C2001F6934 /* ViewModels */ = {
			isa = PBXGroup;
			children = (
				CF473F4529C8C658001F6934 /* PokemonViewModel.swift */,
				CF473F5F29CA1C0E001F6934 /* MovesViewModel.swift */,
				CF89272F2A101DD200368E7D /* MachinesViewModel.swift */,
				CF89274E2A1294A900368E7D /* AbilitiesViewModel.swift */,
				CF8927522A129BE500368E7D /* ItemsViewModel.swift */,
				CF8927582A129EBD00368E7D /* LocationsViewModel.swift */,
				CF89275E2A12A09D00368E7D /* PokemonNaturesViewModel.swift */,
			);
			path = ViewModels;
			sourceTree = "<group>";
		};
		CF473F4229C8C5C8001F6934 /* Models */ = {
			isa = PBXGroup;
			children = (
				CF473F6C29CF6320001F6934 /* CommonModels.swift */,
				CF473F4329C8C644001F6934 /* PokemonModel.swift */,
				CF473F5929C99993001F6934 /* MoveModel.swift */,
				CF473F6A29CF60EA001F6934 /* TMModel.swift */,
				CF473F6E29CF7A1C001F6934 /* ItemModel.swift */,
				CF473F7029CF8476001F6934 /* AbilityModel.swift */,
				CF473F7229CF87FC001F6934 /* LocationModel.swift */,
				CF473F7429CF92E3001F6934 /* EvolutionModel.swift */,
				CF8926D42A0AAF8100368E7D /* TypeModel.swift */,
				CF473F7A29FEFD97001F6934 /* TypeColor.swift */,
				CF8927232A0F0DEE00368E7D /* StatModel.swift */,
				CF473F4E29C8CC6A001F6934 /* Managers */,
				CF473F4A29C8C81C001F6934 /* Helpers */,
				CF473F4929C8C809001F6934 /* Data */,
			);
			path = Models;
			sourceTree = "<group>";
		};
		CF473F4929C8C809001F6934 /* Data */ = {
			isa = PBXGroup;
			children = (
				CF473F4729C8C76D001F6934 /* pokemon.json */,
				CF473F5B29C99BF3001F6934 /* moves.json */,
			);
			path = Data;
			sourceTree = "<group>";
		};
		CF473F4A29C8C81C001F6934 /* Helpers */ = {
			isa = PBXGroup;
			children = (
				CF473F4C29C8C849001F6934 /* APIHelpers.swift */,
				CF89271B2A0EE27D00368E7D /* JSONHelpers.swift */,
			);
			path = Helpers;
			sourceTree = "<group>";
		};
		CF473F4E29C8CC6A001F6934 /* Managers */ = {
			isa = PBXGroup;
			children = (
				CF473F4F29C8CC7E001F6934 /* PokemonManager.swift */,
				CF473F5D29CA1B45001F6934 /* MoveManager.swift */,
				CF89272D2A101CBD00368E7D /* MachineManager.swift */,
				CF8927422A12936B00368E7D /* AbilitiesManager.swift */,
				CF8927442A12938100368E7D /* ItemsManager.swift */,
				CF8927462A1293B600368E7D /* LocationsManager.swift */,
				CF8927482A1293DA00368E7D /* PokemonNatureManager.swift */,
				CF89274A2A1293EF00368E7D /* TypeMatchupsManager.swift */,
			);
			path = Managers;
			sourceTree = "<group>";
		};
		CF473F6729CBEF68001F6934 /* PokedexViews */ = {
			isa = PBXGroup;
			children = (
				CF473F5129C8CE9F001F6934 /* PokedexView.swift */,
				CFEF8ED929C8C05700C8F134 /* PokedexCellView.swift */,
				CF473F5529C8D952001F6934 /* PokemonImageView.swift */,
				CF473F7C2A058E3A001F6934 /* PokedexTabView.swift */,
				CF473F5329C8D108001F6934 /* PokemonDetailsView.swift */,
				CF8926CD2A09688D00368E7D /* PokemonEvolutionChainView.swift */,
				CF8926CF2A0968A200368E7D /* PokemonMovesView.swift */,
				CF8926D12A0968AE00368E7D /* PokemonLocationsView.swift */,
			);
			path = PokedexViews;
			sourceTree = "<group>";
		};
		CF473F6829CBEF9B001F6934 /* MovesdexViews */ = {
			isa = PBXGroup;
			children = (
				CF473F6129CA2029001F6934 /* MovesdexView.swift */,
				CF473F7629CFA8B2001F6934 /* MovesdexCellView.swift */,
				CF8926D62A0C7D0000368E7D /* MovesdexTabView.swift */,
				CF473F6329CBE89D001F6934 /* MoveDetailsView.swift */,
				CF8926D82A0C7DF900368E7D /* MovesLearnedByView.swift */,
			);
			path = MovesdexViews;
			sourceTree = "<group>";
		};
		CF473F6929CBEFB1001F6934 /* TMsdexViews */ = {
			isa = PBXGroup;
			children = (
				CF473F6529CBED8E001F6934 /* TMsdexView.swift */,
				CF8927312A102CC600368E7D /* TMsdexCellView.swift */,
				CF8927252A1019D900368E7D /* TMsdexTabView.swift */,
				CF8927272A101A1700368E7D /* MachineDetailsView.swift */,
				CF8927292A101A7F00368E7D /* MachineLearnedByView.swift */,
				CF89272B2A101AD400368E7D /* MachineLocations.swift */,
			);
			path = TMsdexViews;
			sourceTree = "<group>";
		};
		CF8927332A1043FA00368E7D /* AbilitiesViews */ = {
			isa = PBXGroup;
			children = (
				CF8927382A10448300368E7D /* AbilitiesdexView.swift */,
				CF89274C2A12942D00368E7D /* AbilityCellView.swift */,
				CF8927502A12978500368E7D /* AbilityDetailsView.swift */,
			);
			path = AbilitiesViews;
			sourceTree = "<group>";
		};
		CF8927342A10440800368E7D /* TypeMatchupsViews */ = {
			isa = PBXGroup;
			children = (
				CF89273A2A10449D00368E7D /* TypeMatchupsView.swift */,
			);
			path = TypeMatchupsViews;
			sourceTree = "<group>";
		};
		CF8927352A10441600368E7D /* PokemonNaturesViews */ = {
			isa = PBXGroup;
			children = (
				CF89273C2A1044B300368E7D /* NaturesdexView.swift */,
				CF8927602A12A17500368E7D /* NatureCellView.swift */,
			);
			path = PokemonNaturesViews;
			sourceTree = "<group>";
		};
		CF8927362A10442400368E7D /* GameObjectsViews */ = {
			isa = PBXGroup;
			children = (
				CF8927402A1044D300368E7D /* ObjectsdexView.swift */,
				CF8927542A129C1E00368E7D /* ObjectCellView.swift */,
				CF8927562A129C4C00368E7D /* ObjectDetailsView.swift */,
			);
			path = GameObjectsViews;
			sourceTree = "<group>";
		};
		CF8927372A10443200368E7D /* LocationsViews */ = {
			isa = PBXGroup;
			children = (
				CF89273E2A1044C500368E7D /* LocationsdexView.swift */,
				CF89275A2A129F9A00368E7D /* LocationCellView.swift */,
				CF89275C2A129FBC00368E7D /* LocationDetailsView.swift */,
			);
			path = LocationsViews;
			sourceTree = "<group>";
		};
		CFEF8EBF29C8221800C8F134 = {
			isa = PBXGroup;
			children = (
				CFEF8ECA29C8221800C8F134 /* Pokiodex_io */,
				CFEF8EC929C8221800C8F134 /* Products */,
			);
			sourceTree = "<group>";
		};
		CFEF8EC929C8221800C8F134 /* Products */ = {
			isa = PBXGroup;
			children = (
				CFEF8EC829C8221800C8F134 /* Pokiodex_io.app */,
			);
			name = Products;
			sourceTree = "<group>";
		};
		CFEF8ECA29C8221800C8F134 /* Pokiodex_io */ = {
			isa = PBXGroup;
			children = (
				CF8926D32A0AA03600368E7D /* Pokiodex-io-Info.plist */,
				CFEF8ECB29C8221800C8F134 /* Pokiodex_ioApp.swift */,
				CF473F4229C8C5C8001F6934 /* Models */,
				CF473F4129C8C5C2001F6934 /* ViewModels */,
				CF473F4029C8C5BB001F6934 /* Views */,
				CFEF8ECF29C8221900C8F134 /* Assets.xcassets */,
				CFEF8ED129C8221900C8F134 /* Preview Content */,
			);
			path = Pokiodex_io;
			sourceTree = "<group>";
		};
		CFEF8ED129C8221900C8F134 /* Preview Content */ = {
			isa = PBXGroup;
			children = (
				CFEF8ED229C8221900C8F134 /* Preview Assets.xcassets */,
			);
			path = "Preview Content";
			sourceTree = "<group>";
		};
/* End PBXGroup section */

/* Begin PBXNativeTarget section */
		CFEF8EC729C8221800C8F134 /* Pokiodex_io */ = {
			isa = PBXNativeTarget;
			buildConfigurationList = CFEF8ED629C8221900C8F134 /* Build configuration list for PBXNativeTarget "Pokiodex_io" */;
			buildPhases = (
				CFEF8EC429C8221800C8F134 /* Sources */,
				CFEF8EC529C8221800C8F134 /* Frameworks */,
				CFEF8EC629C8221800C8F134 /* Resources */,
			);
			buildRules = (
			);
			dependencies = (
			);
			name = Pokiodex_io;
			productName = Pokiodex_io;
			productReference = CFEF8EC829C8221800C8F134 /* Pokiodex_io.app */;
			productType = "com.apple.product-type.application";
		};
/* End PBXNativeTarget section */

/* Begin PBXProject section */
		CFEF8EC029C8221800C8F134 /* Project object */ = {
			isa = PBXProject;
			attributes = {
				BuildIndependentTargetsInParallel = 1;
				LastSwiftUpdateCheck = 1420;
				LastUpgradeCheck = 1420;
				TargetAttributes = {
					CFEF8EC729C8221800C8F134 = {
						CreatedOnToolsVersion = 14.2;
					};
				};
			};
			buildConfigurationList = CFEF8EC329C8221800C8F134 /* Build configuration list for PBXProject "Pokiodex_io" */;
			compatibilityVersion = "Xcode 14.0";
			developmentRegion = en;
			hasScannedForEncodings = 0;
			knownRegions = (
				en,
				Base,
			);
			mainGroup = CFEF8EBF29C8221800C8F134;
			productRefGroup = CFEF8EC929C8221800C8F134 /* Products */;
			projectDirPath = "";
			projectRoot = "";
			targets = (
				CFEF8EC729C8221800C8F134 /* Pokiodex_io */,
			);
		};
/* End PBXProject section */

/* Begin PBXResourcesBuildPhase section */
		CFEF8EC629C8221800C8F134 /* Resources */ = {
			isa = PBXResourcesBuildPhase;
			buildActionMask = 2147483647;
			files = (
				CF473F5C29C99BF3001F6934 /* moves.json in Resources */,
				CFEF8ED329C8221900C8F134 /* Preview Assets.xcassets in Resources */,
				CF473F4829C8C76D001F6934 /* pokemon.json in Resources */,
				CFEF8ED029C8221900C8F134 /* Assets.xcassets in Resources */,
			);
			runOnlyForDeploymentPostprocessing = 0;
		};
/* End PBXResourcesBuildPhase section */

/* Begin PBXSourcesBuildPhase section */
		CFEF8EC429C8221800C8F134 /* Sources */ = {
			isa = PBXSourcesBuildPhase;
			buildActionMask = 2147483647;
			files = (
				CFEF8ECE29C8221800C8F134 /* ContentView.swift in Sources */,
				CF89273B2A10449D00368E7D /* TypeMatchupsView.swift in Sources */,
				CF8927572A129C4C00368E7D /* ObjectDetailsView.swift in Sources */,
				CF473F5029C8CC7E001F6934 /* PokemonManager.swift in Sources */,
				CF473F6F29CF7A1C001F6934 /* ItemModel.swift in Sources */,
				CF8927552A129C1E00368E7D /* ObjectCellView.swift in Sources */,
				CF473F6429CBE89D001F6934 /* MoveDetailsView.swift in Sources */,
				CF89274F2A1294A900368E7D /* AbilitiesViewModel.swift in Sources */,
				CF473F4629C8C658001F6934 /* PokemonViewModel.swift in Sources */,
				CF89272E2A101CBD00368E7D /* MachineManager.swift in Sources */,
				CF473F7529CF92E3001F6934 /* EvolutionModel.swift in Sources */,
				CF8927472A1293B600368E7D /* LocationsManager.swift in Sources */,
				CF8927282A101A1700368E7D /* MachineDetailsView.swift in Sources */,
				CF473F6D29CF6320001F6934 /* CommonModels.swift in Sources */,
				CF89273D2A1044B300368E7D /* NaturesdexView.swift in Sources */,
				CF8927612A12A17500368E7D /* NatureCellView.swift in Sources */,
				CF8926D02A0968A200368E7D /* PokemonMovesView.swift in Sources */,
				CFEF8EDA29C8C05700C8F134 /* PokedexCellView.swift in Sources */,
				CF89272C2A101AD400368E7D /* MachineLocations.swift in Sources */,
				CF473F6029CA1C0E001F6934 /* MovesViewModel.swift in Sources */,
				CF8927302A101DD200368E7D /* MachinesViewModel.swift in Sources */,
				CF473F5629C8D952001F6934 /* PokemonImageView.swift in Sources */,
				CF89275B2A129F9A00368E7D /* LocationCellView.swift in Sources */,
				CF8927322A102CC600368E7D /* TMsdexCellView.swift in Sources */,
				CF89275F2A12A09D00368E7D /* PokemonNaturesViewModel.swift in Sources */,
				CFEF8ECC29C8221800C8F134 /* Pokiodex_ioApp.swift in Sources */,
				CF89274D2A12942D00368E7D /* AbilityCellView.swift in Sources */,
				CF473F4D29C8C849001F6934 /* APIHelpers.swift in Sources */,
				CF473F5A29C99993001F6934 /* MoveModel.swift in Sources */,
				CF8926D92A0C7DF900368E7D /* MovesLearnedByView.swift in Sources */,
				CF473F7B29FEFD97001F6934 /* TypeColor.swift in Sources */,
				CF473F6229CA2029001F6934 /* MovesdexView.swift in Sources */,
				CF8927512A12978500368E7D /* AbilityDetailsView.swift in Sources */,
				CF8927432A12936B00368E7D /* AbilitiesManager.swift in Sources */,
				CF473F7D2A058E3A001F6934 /* PokedexTabView.swift in Sources */,
				CF89272A2A101A7F00368E7D /* MachineLearnedByView.swift in Sources */,
				CF8926D52A0AAF8100368E7D /* TypeModel.swift in Sources */,
				CF473F6629CBED8E001F6934 /* TMsdexView.swift in Sources */,
				CF473F4429C8C644001F6934 /* PokemonModel.swift in Sources */,
				CF473F5429C8D108001F6934 /* PokemonDetailsView.swift in Sources */,
				CF8927452A12938100368E7D /* ItemsManager.swift in Sources */,
				CF89271C2A0EE27D00368E7D /* JSONHelpers.swift in Sources */,
				CF8926D22A0968AE00368E7D /* PokemonLocationsView.swift in Sources */,
				CF473F7129CF8476001F6934 /* AbilityModel.swift in Sources */,
				CF8927412A1044D300368E7D /* ObjectsdexView.swift in Sources */,
				CF89273F2A1044C500368E7D /* LocationsdexView.swift in Sources */,
				CF8927592A129EBD00368E7D /* LocationsViewModel.swift in Sources */,
				CF473F5E29CA1B45001F6934 /* MoveManager.swift in Sources */,
				CF8927492A1293DA00368E7D /* PokemonNatureManager.swift in Sources */,
				CF473F5229C8CE9F001F6934 /* PokedexView.swift in Sources */,
				CF8926D72A0C7D0000368E7D /* MovesdexTabView.swift in Sources */,
				CF8927242A0F0DEE00368E7D /* StatModel.swift in Sources */,
				CF8927262A1019D900368E7D /* TMsdexTabView.swift in Sources */,
				CF473F7329CF87FC001F6934 /* LocationModel.swift in Sources */,
				CF473F6B29CF60EA001F6934 /* TMModel.swift in Sources */,
				CF8926CE2A09688D00368E7D /* PokemonEvolutionChainView.swift in Sources */,
				CF473F7729CFA8B2001F6934 /* MovesdexCellView.swift in Sources */,
				CF89274B2A1293EF00368E7D /* TypeMatchupsManager.swift in Sources */,
				CF8927392A10448300368E7D /* AbilitiesdexView.swift in Sources */,
				CF8927532A129BE500368E7D /* ItemsViewModel.swift in Sources */,
				CF89275D2A129FBC00368E7D /* LocationDetailsView.swift in Sources */,
			);
			runOnlyForDeploymentPostprocessing = 0;
		};
/* End PBXSourcesBuildPhase section */

/* Begin XCBuildConfiguration section */
		CFEF8ED429C8221900C8F134 /* Debug */ = {
			isa = XCBuildConfiguration;
			buildSettings = {
				ALWAYS_SEARCH_USER_PATHS = NO;
				CLANG_ANALYZER_NONNULL = YES;
				CLANG_ANALYZER_NUMBER_OBJECT_CONVERSION = YES_AGGRESSIVE;
				CLANG_CXX_LANGUAGE_STANDARD = "gnu++20";
				CLANG_ENABLE_MODULES = YES;
				CLANG_ENABLE_OBJC_ARC = YES;
				CLANG_ENABLE_OBJC_WEAK = YES;
				CLANG_WARN_BLOCK_CAPTURE_AUTORELEASING = YES;
				CLANG_WARN_BOOL_CONVERSION = YES;
				CLANG_WARN_COMMA = YES;
				CLANG_WARN_CONSTANT_CONVERSION = YES;
				CLANG_WARN_DEPRECATED_OBJC_IMPLEMENTATIONS = YES;
				CLANG_WARN_DIRECT_OBJC_ISA_USAGE = YES_ERROR;
				CLANG_WARN_DOCUMENTATION_COMMENTS = YES;
				CLANG_WARN_EMPTY_BODY = YES;
				CLANG_WARN_ENUM_CONVERSION = YES;
				CLANG_WARN_INFINITE_RECURSION = YES;
				CLANG_WARN_INT_CONVERSION = YES;
				CLANG_WARN_NON_LITERAL_NULL_CONVERSION = YES;
				CLANG_WARN_OBJC_IMPLICIT_RETAIN_SELF = YES;
				CLANG_WARN_OBJC_LITERAL_CONVERSION = YES;
				CLANG_WARN_OBJC_ROOT_CLASS = YES_ERROR;
				CLANG_WARN_QUOTED_INCLUDE_IN_FRAMEWORK_HEADER = YES;
				CLANG_WARN_RANGE_LOOP_ANALYSIS = YES;
				CLANG_WARN_STRICT_PROTOTYPES = YES;
				CLANG_WARN_SUSPICIOUS_MOVE = YES;
				CLANG_WARN_UNGUARDED_AVAILABILITY = YES_AGGRESSIVE;
				CLANG_WARN_UNREACHABLE_CODE = YES;
				CLANG_WARN__DUPLICATE_METHOD_MATCH = YES;
				COPY_PHASE_STRIP = NO;
				DEBUG_INFORMATION_FORMAT = dwarf;
				ENABLE_STRICT_OBJC_MSGSEND = YES;
				ENABLE_TESTABILITY = YES;
				GCC_C_LANGUAGE_STANDARD = gnu11;
				GCC_DYNAMIC_NO_PIC = NO;
				GCC_NO_COMMON_BLOCKS = YES;
				GCC_OPTIMIZATION_LEVEL = 0;
				GCC_PREPROCESSOR_DEFINITIONS = (
					"DEBUG=1",
					"$(inherited)",
				);
				GCC_WARN_64_TO_32_BIT_CONVERSION = YES;
				GCC_WARN_ABOUT_RETURN_TYPE = YES_ERROR;
				GCC_WARN_UNDECLARED_SELECTOR = YES;
				GCC_WARN_UNINITIALIZED_AUTOS = YES_AGGRESSIVE;
				GCC_WARN_UNUSED_FUNCTION = YES;
				GCC_WARN_UNUSED_VARIABLE = YES;
				IPHONEOS_DEPLOYMENT_TARGET = 16.2;
				MTL_ENABLE_DEBUG_INFO = INCLUDE_SOURCE;
				MTL_FAST_MATH = YES;
				ONLY_ACTIVE_ARCH = YES;
				SDKROOT = iphoneos;
				SWIFT_ACTIVE_COMPILATION_CONDITIONS = DEBUG;
				SWIFT_OPTIMIZATION_LEVEL = "-Onone";
			};
			name = Debug;
		};
		CFEF8ED529C8221900C8F134 /* Release */ = {
			isa = XCBuildConfiguration;
			buildSettings = {
				ALWAYS_SEARCH_USER_PATHS = NO;
				CLANG_ANALYZER_NONNULL = YES;
				CLANG_ANALYZER_NUMBER_OBJECT_CONVERSION = YES_AGGRESSIVE;
				CLANG_CXX_LANGUAGE_STANDARD = "gnu++20";
				CLANG_ENABLE_MODULES = YES;
				CLANG_ENABLE_OBJC_ARC = YES;
				CLANG_ENABLE_OBJC_WEAK = YES;
				CLANG_WARN_BLOCK_CAPTURE_AUTORELEASING = YES;
				CLANG_WARN_BOOL_CONVERSION = YES;
				CLANG_WARN_COMMA = YES;
				CLANG_WARN_CONSTANT_CONVERSION = YES;
				CLANG_WARN_DEPRECATED_OBJC_IMPLEMENTATIONS = YES;
				CLANG_WARN_DIRECT_OBJC_ISA_USAGE = YES_ERROR;
				CLANG_WARN_DOCUMENTATION_COMMENTS = YES;
				CLANG_WARN_EMPTY_BODY = YES;
				CLANG_WARN_ENUM_CONVERSION = YES;
				CLANG_WARN_INFINITE_RECURSION = YES;
				CLANG_WARN_INT_CONVERSION = YES;
				CLANG_WARN_NON_LITERAL_NULL_CONVERSION = YES;
				CLANG_WARN_OBJC_IMPLICIT_RETAIN_SELF = YES;
				CLANG_WARN_OBJC_LITERAL_CONVERSION = YES;
				CLANG_WARN_OBJC_ROOT_CLASS = YES_ERROR;
				CLANG_WARN_QUOTED_INCLUDE_IN_FRAMEWORK_HEADER = YES;
				CLANG_WARN_RANGE_LOOP_ANALYSIS = YES;
				CLANG_WARN_STRICT_PROTOTYPES = YES;
				CLANG_WARN_SUSPICIOUS_MOVE = YES;
				CLANG_WARN_UNGUARDED_AVAILABILITY = YES_AGGRESSIVE;
				CLANG_WARN_UNREACHABLE_CODE = YES;
				CLANG_WARN__DUPLICATE_METHOD_MATCH = YES;
				COPY_PHASE_STRIP = NO;
				DEBUG_INFORMATION_FORMAT = "dwarf-with-dsym";
				ENABLE_NS_ASSERTIONS = NO;
				ENABLE_STRICT_OBJC_MSGSEND = YES;
				GCC_C_LANGUAGE_STANDARD = gnu11;
				GCC_NO_COMMON_BLOCKS = YES;
				GCC_WARN_64_TO_32_BIT_CONVERSION = YES;
				GCC_WARN_ABOUT_RETURN_TYPE = YES_ERROR;
				GCC_WARN_UNDECLARED_SELECTOR = YES;
				GCC_WARN_UNINITIALIZED_AUTOS = YES_AGGRESSIVE;
				GCC_WARN_UNUSED_FUNCTION = YES;
				GCC_WARN_UNUSED_VARIABLE = YES;
				IPHONEOS_DEPLOYMENT_TARGET = 16.2;
				MTL_ENABLE_DEBUG_INFO = NO;
				MTL_FAST_MATH = YES;
				SDKROOT = iphoneos;
				SWIFT_COMPILATION_MODE = wholemodule;
				SWIFT_OPTIMIZATION_LEVEL = "-O";
				VALIDATE_PRODUCT = YES;
			};
			name = Release;
		};
		CFEF8ED729C8221900C8F134 /* Debug */ = {
			isa = XCBuildConfiguration;
			buildSettings = {
				ASSETCATALOG_COMPILER_APPICON_NAME = AppIcon;
				ASSETCATALOG_COMPILER_GLOBAL_ACCENT_COLOR_NAME = AccentColor;
				CODE_SIGN_STYLE = Automatic;
				CURRENT_PROJECT_VERSION = 1;
				DEVELOPMENT_ASSET_PATHS = "\"Pokiodex_io/Preview Content\"";
				DEVELOPMENT_TEAM = ZRMFR6Z4V9;
				ENABLE_PREVIEWS = YES;
				GENERATE_INFOPLIST_FILE = YES;
				INFOPLIST_FILE = "Pokiodex-io-Info.plist";
				INFOPLIST_KEY_UIApplicationSceneManifest_Generation = YES;
				INFOPLIST_KEY_UIApplicationSupportsIndirectInputEvents = YES;
				INFOPLIST_KEY_UISupportedInterfaceOrientations_iPad = "UIInterfaceOrientationPortrait UIInterfaceOrientationPortraitUpsideDown UIInterfaceOrientationLandscapeLeft UIInterfaceOrientationLandscapeRight";
				INFOPLIST_KEY_UISupportedInterfaceOrientations_iPhone = "UIInterfaceOrientationPortrait UIInterfaceOrientationLandscapeLeft UIInterfaceOrientationLandscapeRight";
				LD_RUNPATH_SEARCH_PATHS = (
					"$(inherited)",
					"@executable_path/Frameworks",
				);
				MARKETING_VERSION = 1.0;
				PRODUCT_BUNDLE_IDENTIFIER = "com.jpickett95.Pokiodex-io";
				PRODUCT_NAME = "$(TARGET_NAME)";
				SWIFT_EMIT_LOC_STRINGS = YES;
				SWIFT_VERSION = 5.0;
				TARGETED_DEVICE_FAMILY = "1,2";
			};
			name = Debug;
		};
		CFEF8ED829C8221900C8F134 /* Release */ = {
			isa = XCBuildConfiguration;
			buildSettings = {
				ASSETCATALOG_COMPILER_APPICON_NAME = AppIcon;
				ASSETCATALOG_COMPILER_GLOBAL_ACCENT_COLOR_NAME = AccentColor;
				CODE_SIGN_STYLE = Automatic;
				CURRENT_PROJECT_VERSION = 1;
				DEVELOPMENT_ASSET_PATHS = "\"Pokiodex_io/Preview Content\"";
				DEVELOPMENT_TEAM = ZRMFR6Z4V9;
				ENABLE_PREVIEWS = YES;
				GENERATE_INFOPLIST_FILE = YES;
				INFOPLIST_FILE = "Pokiodex-io-Info.plist";
				INFOPLIST_KEY_UIApplicationSceneManifest_Generation = YES;
				INFOPLIST_KEY_UIApplicationSupportsIndirectInputEvents = YES;
				INFOPLIST_KEY_UISupportedInterfaceOrientations_iPad = "UIInterfaceOrientationPortrait UIInterfaceOrientationPortraitUpsideDown UIInterfaceOrientationLandscapeLeft UIInterfaceOrientationLandscapeRight";
				INFOPLIST_KEY_UISupportedInterfaceOrientations_iPhone = "UIInterfaceOrientationPortrait UIInterfaceOrientationLandscapeLeft UIInterfaceOrientationLandscapeRight";
				LD_RUNPATH_SEARCH_PATHS = (
					"$(inherited)",
					"@executable_path/Frameworks",
				);
				MARKETING_VERSION = 1.0;
				PRODUCT_BUNDLE_IDENTIFIER = "com.jpickett95.Pokiodex-io";
				PRODUCT_NAME = "$(TARGET_NAME)";
				SWIFT_EMIT_LOC_STRINGS = YES;
				SWIFT_VERSION = 5.0;
				TARGETED_DEVICE_FAMILY = "1,2";
			};
			name = Release;
		};
/* End XCBuildConfiguration section */

/* Begin XCConfigurationList section */
		CFEF8EC329C8221800C8F134 /* Build configuration list for PBXProject "Pokiodex_io" */ = {
			isa = XCConfigurationList;
			buildConfigurations = (
				CFEF8ED429C8221900C8F134 /* Debug */,
				CFEF8ED529C8221900C8F134 /* Release */,
			);
			defaultConfigurationIsVisible = 0;
			defaultConfigurationName = Release;
		};
		CFEF8ED629C8221900C8F134 /* Build configuration list for PBXNativeTarget "Pokiodex_io" */ = {
			isa = XCConfigurationList;
			buildConfigurations = (
				CFEF8ED729C8221900C8F134 /* Debug */,
				CFEF8ED829C8221900C8F134 /* Release */,
			);
			defaultConfigurationIsVisible = 0;
			defaultConfigurationName = Release;
		};
/* End XCConfigurationList section */
	};
	rootObject = CFEF8EC029C8221800C8F134 /* Project object */;
}
